
Microsoft Visual Studio Solution File, Format Version 12.00
# Visual Studio 15
VisualStudioVersion = 15.0.27428.2015
MinimumVisualStudioVersion = 10.0.40219.1
Project("{FAE04EC0-301F-11D3-BF4B-00C04F79EFBC}") = "ImServiceTest", "ImServiceTest\ImServiceTest.csproj", "{BD92FE63-1022-479E-A175-113FAE67596C}"
EndProject
Project("{FAE04EC0-301F-11D3-BF4B-00C04F79EFBC}") = "ImServiceWebApi", "ImServiceWebApi\ImServiceWebApi.csproj", "{182394EB-0E07-4FA1-9D4C-D337FAA2D4FC}"
EndProject
Project("{FAE04EC0-301F-11D3-BF4B-00C04F79EFBC}") = "ImService.Help", "ImService.Help\ImService.Help.csproj", "{C925F385-3BA1-419F-9854-E1CA980C7096}"
EndProject
Global
	GlobalSection(SolutionConfigurationPlatforms) = preSolution
		Debug|Any CPU = Debug|Any CPU
		Release|Any CPU = Release|Any CPU
	EndGlobalSection
	GlobalSection(ProjectConfigurationPlatforms) = postSolution
		{BD92FE63-1022-479E-A175-113FAE67596C}.Debug|Any CPU.ActiveCfg = Debug|Any CPU
		{BD92FE63-1022-479E-A175-113FAE67596C}.Debug|Any CPU.Build.0 = Debug|Any CPU
		{BD92FE63-1022-479E-A175-113FAE67596C}.Release|Any CPU.ActiveCfg = Release|Any CPU
		{BD92FE63-1022-479E-A175-113FAE67596C}.Release|Any CPU.Build.0 = Release|Any CPU
		{182394EB-0E07-4FA1-9D4C-D337FAA2D4FC}.Debug|Any CPU.ActiveCfg = Debug|Any CPU
		{182394EB-0E07-4FA1-9D4C-D337FAA2D4FC}.Debug|Any CPU.Build.0 = Debug|Any CPU
		{182394EB-0E07-4FA1-9D4C-D337FAA2D4FC}.Release|Any CPU.ActiveCfg = Release|Any CPU
		{182394EB-0E07-4FA1-9D4C-D337FAA2D4FC}.Release|Any CPU.Build.0 = Release|Any CPU
		{C925F385-3BA1-419F-9854-E1CA980C7096}.Debug|Any CPU.ActiveCfg = Debug|Any CPU
		{C925F385-3BA1-419F-9854-E1CA980C7096}.Debug|Any CPU.Build.0 = Debug|Any CPU
		{C925F385-3BA1-419F-9854-E1CA980C7096}.Release|Any CPU.ActiveCfg = Release|Any CPU
		{C925F385-3BA1-419F-9854-E1CA980C7096}.Release|Any CPU.Build.0 = Release|Any CPU
	EndGlobalSection
	GlobalSection(SolutionProperties) = preSolution
		HideSolutionNode = FALSE
	EndGlobalSection
	GlobalSection(ExtensibilityGlobals) = postSolution
		SolutionGuid = {D9B889E2-9CB7-404A-B576-4E5FB8853BAC}
	EndGlobalSection
EndGlobal
